
Microsoft Visual Studio Solution File, Format Version 12.00
# Visual Studio Version 16
VisualStudioVersion = 16.0.29306.81
MinimumVisualStudioVersion = 10.0.40219.1
Project("{FAE04EC0-301F-11D3-BF4B-00C04F79EFBC}") = "MiniGame", "MiniGame.csproj", "{FFC0344D-C1F7-4D90-B21B-8DEE659C39A8}"
EndProject
Global
	GlobalSection(SolutionConfigurationPlatforms) = preSolution
		Debug|Any CPU = Debug|Any CPU
		Release|Any CPU = Release|Any CPU
	EndGlobalSection
	GlobalSection(ProjectConfigurationPlatforms) = postSolution
		{FFC0344D-C1F7-4D90-B21B-8DEE659C39A8}.Debug|Any CPU.ActiveCfg = Debug|Any CPU
		{FFC0344D-C1F7-4D90-B21B-8DEE659C39A8}.Debug|Any CPU.Build.0 = Debug|Any CPU
		{FFC0344D-C1F7-4D90-B21B-8DEE659C39A8}.Release|Any CPU.ActiveCfg = Release|Any CPU
		{FFC0344D-C1F7-4D90-B21B-8DEE659C39A8}.Release|Any CPU.Build.0 = Release|Any CPU
	EndGlobalSection
	GlobalSection(SolutionProperties) = preSolution
		HideSolutionNode = FALSE
	EndGlobalSection
	GlobalSection(ExtensibilityGlobals) = postSolution
		SolutionGuid = {98132A07-E837-4736-8879-F40223FD9A0F}
	EndGlobalSection
EndGlobal
