
Microsoft Visual Studio Solution File, Format Version 12.00
# Visual Studio Version 16
VisualStudioVersion = 16.0.29509.3
MinimumVisualStudioVersion = 10.0.40219.1
Project("{FAE04EC0-301F-11D3-BF4B-00C04F79EFBC}") = "30_05_exam", "30_05_exam.csproj", "{0E6D66A8-710C-43DD-9D9B-9419A7A3FC18}"
EndProject
Global
	GlobalSection(SolutionConfigurationPlatforms) = preSolution
		Debug|Any CPU = Debug|Any CPU
		Release|Any CPU = Release|Any CPU
	EndGlobalSection
	GlobalSection(ProjectConfigurationPlatforms) = postSolution
		{0E6D66A8-710C-43DD-9D9B-9419A7A3FC18}.Debug|Any CPU.ActiveCfg = Debug|Any CPU
		{0E6D66A8-710C-43DD-9D9B-9419A7A3FC18}.Debug|Any CPU.Build.0 = Debug|Any CPU
		{0E6D66A8-710C-43DD-9D9B-9419A7A3FC18}.Release|Any CPU.ActiveCfg = Release|Any CPU
		{0E6D66A8-710C-43DD-9D9B-9419A7A3FC18}.Release|Any CPU.Build.0 = Release|Any CPU
	EndGlobalSection
	GlobalSection(SolutionProperties) = preSolution
		HideSolutionNode = FALSE
	EndGlobalSection
	GlobalSection(ExtensibilityGlobals) = postSolution
		SolutionGuid = {67AE1D4D-B726-4830-9902-087569AA6D27}
	EndGlobalSection
EndGlobal
